
Microsoft Visual Studio Solution File, Format Version 12.00
# Visual Studio Version 17
VisualStudioVersion = 17.3.32922.545
MinimumVisualStudioVersion = 10.0.40219.1
Project("{9A19103F-16F7-4668-BE54-9A1E7A4F7556}") = "WebClient", "WebClient.csproj", "{C10AC126-5CE5-4CDB-83E4-FE56F78681FE}"
EndProject
Project("{9A19103F-16F7-4668-BE54-9A1E7A4F7556}") = "WebAPI", "..\WebAPI\WebAPI.csproj", "{7603017E-1530-4EBC-8504-738DAF6E3AA0}"
EndProject
Project("{FAE04EC0-301F-11D3-BF4B-00C04F79EFBC}") = "DataAccess", "..\DataAccess\DataAccess.csproj", "{3A810ACA-6BC0-4205-B0A5-DE55C54B6123}"
EndProject
Global
	GlobalSection(SolutionConfigurationPlatforms) = preSolution
		Debug|Any CPU = Debug|Any CPU
		Release|Any CPU = Release|Any CPU
	EndGlobalSection
	GlobalSection(ProjectConfigurationPlatforms) = postSolution
		{C10AC126-5CE5-4CDB-83E4-FE56F78681FE}.Debug|Any CPU.ActiveCfg = Debug|Any CPU
		{C10AC126-5CE5-4CDB-83E4-FE56F78681FE}.Debug|Any CPU.Build.0 = Debug|Any CPU
		{C10AC126-5CE5-4CDB-83E4-FE56F78681FE}.Release|Any CPU.ActiveCfg = Release|Any CPU
		{C10AC126-5CE5-4CDB-83E4-FE56F78681FE}.Release|Any CPU.Build.0 = Release|Any CPU
		{7603017E-1530-4EBC-8504-738DAF6E3AA0}.Debug|Any CPU.ActiveCfg = Debug|Any CPU
		{7603017E-1530-4EBC-8504-738DAF6E3AA0}.Debug|Any CPU.Build.0 = Debug|Any CPU
		{7603017E-1530-4EBC-8504-738DAF6E3AA0}.Release|Any CPU.ActiveCfg = Release|Any CPU
		{7603017E-1530-4EBC-8504-738DAF6E3AA0}.Release|Any CPU.Build.0 = Release|Any CPU
		{3A810ACA-6BC0-4205-B0A5-DE55C54B6123}.Debug|Any CPU.ActiveCfg = Debug|Any CPU
		{3A810ACA-6BC0-4205-B0A5-DE55C54B6123}.Debug|Any CPU.Build.0 = Debug|Any CPU
		{3A810ACA-6BC0-4205-B0A5-DE55C54B6123}.Release|Any CPU.ActiveCfg = Release|Any CPU
		{3A810ACA-6BC0-4205-B0A5-DE55C54B6123}.Release|Any CPU.Build.0 = Release|Any CPU
	EndGlobalSection
	GlobalSection(SolutionProperties) = preSolution
		HideSolutionNode = FALSE
	EndGlobalSection
	GlobalSection(ExtensibilityGlobals) = postSolution
		SolutionGuid = {0BD9F2D5-B586-4F37-BBC6-73B686AD6668}
	EndGlobalSection
EndGlobal
